
Microsoft Visual Studio Solution File, Format Version 12.00
# Visual Studio 15
Project("{FAE04EC0-301F-11D3-BF4B-00C04F79EFBC}") = "vrnd-build-an-apartment-by-mansoor-patan", "vrnd-build-an-apartment-by-mansoor-patan.csproj", "{DB04D7E4-C6FC-203F-605C-7562CE9993D7}"
EndProject
Project("{FAE04EC0-301F-11D3-BF4B-00C04F79EFBC}") = "vrnd-build-an-apartment-by-mansoor-patan.Editor", "vrnd-build-an-apartment-by-mansoor-patan.Editor.csproj", "{5C157797-3ECD-35A8-3DAD-607A45F8DE1F}"
EndProject
Global
	GlobalSection(SolutionConfigurationPlatforms) = preSolution
		Debug|Any CPU = Debug|Any CPU
		Release|Any CPU = Release|Any CPU
	EndGlobalSection
	GlobalSection(ProjectConfigurationPlatforms) = postSolution
		{DB04D7E4-C6FC-203F-605C-7562CE9993D7}.Debug|Any CPU.ActiveCfg = Debug|Any CPU
		{DB04D7E4-C6FC-203F-605C-7562CE9993D7}.Debug|Any CPU.Build.0 = Debug|Any CPU
		{DB04D7E4-C6FC-203F-605C-7562CE9993D7}.Release|Any CPU.ActiveCfg = Release|Any CPU
		{DB04D7E4-C6FC-203F-605C-7562CE9993D7}.Release|Any CPU.Build.0 = Release|Any CPU
		{5C157797-3ECD-35A8-3DAD-607A45F8DE1F}.Debug|Any CPU.ActiveCfg = Debug|Any CPU
		{5C157797-3ECD-35A8-3DAD-607A45F8DE1F}.Debug|Any CPU.Build.0 = Debug|Any CPU
		{5C157797-3ECD-35A8-3DAD-607A45F8DE1F}.Release|Any CPU.ActiveCfg = Release|Any CPU
		{5C157797-3ECD-35A8-3DAD-607A45F8DE1F}.Release|Any CPU.Build.0 = Release|Any CPU
	EndGlobalSection
	GlobalSection(SolutionProperties) = preSolution
		HideSolutionNode = FALSE
	EndGlobalSection
EndGlobal
